
Microsoft Visual Studio Solution File, Format Version 12.00
# Visual Studio Version 16
VisualStudioVersion = 16.0.31112.23
MinimumVisualStudioVersion = 10.0.40219.1
Project("{FAE04EC0-301F-11D3-BF4B-00C04F79EFBC}") = "Bertozzi.Mattia.4H.ValEsp", "Bertozzi.Mattia.4H.ValEsp\Bertozzi.Mattia.4H.ValEsp.csproj", "{33BDF6E2-A12F-42A3-8F0B-95AC7B3BF492}"
EndProject
Global
	GlobalSection(SolutionConfigurationPlatforms) = preSolution
		Debug|Any CPU = Debug|Any CPU
		Release|Any CPU = Release|Any CPU
	EndGlobalSection
	GlobalSection(ProjectConfigurationPlatforms) = postSolution
		{33BDF6E2-A12F-42A3-8F0B-95AC7B3BF492}.Debug|Any CPU.ActiveCfg = Debug|Any CPU
		{33BDF6E2-A12F-42A3-8F0B-95AC7B3BF492}.Debug|Any CPU.Build.0 = Debug|Any CPU
		{33BDF6E2-A12F-42A3-8F0B-95AC7B3BF492}.Release|Any CPU.ActiveCfg = Release|Any CPU
		{33BDF6E2-A12F-42A3-8F0B-95AC7B3BF492}.Release|Any CPU.Build.0 = Release|Any CPU
	EndGlobalSection
	GlobalSection(SolutionProperties) = preSolution
		HideSolutionNode = FALSE
	EndGlobalSection
	GlobalSection(ExtensibilityGlobals) = postSolution
		SolutionGuid = {76E2BF7A-738F-4B6F-8A93-A12D1FF6CABB}
	EndGlobalSection
EndGlobal
